{
  "version": 4,
  "terraform_version": "1.5.7",
  "serial": 22,
  "lineage": "85e47955-d0e7-0897-fa70-ef38639e1c0a",
  "outputs": {
    "external_ip": {
      "value": "158.160.105.148",
      "type": "string"
    },
    "registry_id": {
      "value": "crp3gouaclj0obbrfgnr",
      "type": "string"
    },
    "registry_url": {
      "value": "cr.yandex/crp3gouaclj0obbrfgnr",
      "type": "string"
    }
  },
  "resources": [
    {
      "mode": "managed",
      "type": "yandex_container_registry",
      "name": "registry",
      "provider": "provider[\"registry.terraform.io/yandex-cloud/yandex\"]",
      "instances": [
        {
          "schema_version": 0,
          "attributes": {
            "created_at": "2025-05-29T18:05:16Z",
            "folder_id": "b1gn6l9s1qgupdc3jtjs",
            "id": "crp3gouaclj0obbrfgnr",
            "labels": {},
            "name": "task-manager-registry",
            "status": "active",
            "timeouts": null
          },
          "sensitive_attributes": [],
          "private": "eyJlMmJmYjczMC1lY2FhLTExZTYtOGY4OC0zNDM2M2JjN2M0YzAiOnsiY3JlYXRlIjo5MDAwMDAwMDAwMDAsImRlbGV0ZSI6OTAwMDAwMDAwMDAwLCJ1cGRhdGUiOjkwMDAwMDAwMDAwMH19"
        }
      ]
    },
    {
      "mode": "managed",
      "type": "yandex_vpc_network",
      "name": "network",
      "provider": "provider[\"registry.terraform.io/yandex-cloud/yandex\"]",
      "instances": [
        {
          "schema_version": 0,
          "attributes": {
            "created_at": "2025-05-29T18:53:07Z",
            "default_security_group_id": "enpuahaf7e7t4dsskm1l",
            "description": "",
            "folder_id": "b1gn6l9s1qgupdc3jtjs",
            "id": "enpcd4b1q1euanmtae90",
            "labels": {},
            "name": "task-manager-network",
            "subnet_ids": [],
            "timeouts": null
          },
          "sensitive_attributes": [],
          "private": "eyJlMmJmYjczMC1lY2FhLTExZTYtOGY4OC0zNDM2M2JjN2M0YzAiOnsiY3JlYXRlIjo2MDAwMDAwMDAwMCwiZGVsZXRlIjo2MDAwMDAwMDAwMCwidXBkYXRlIjo2MDAwMDAwMDAwMH19"
        }
      ]
    },
    {
      "mode": "managed",
      "type": "yandex_vpc_subnet",
      "name": "subnet",
      "provider": "provider[\"registry.terraform.io/yandex-cloud/yandex\"]",
      "instances": [
        {
          "schema_version": 0,
          "attributes": {
            "created_at": "2025-05-29T18:53:53Z",
            "description": "",
            "dhcp_options": [],
            "folder_id": "b1gn6l9s1qgupdc3jtjs",
            "id": "e9baubbqle1lfkocp26o",
            "labels": {},
            "name": "task-manager-subnet",
            "network_id": "enpcd4b1q1euanmtae90",
            "route_table_id": "",
            "timeouts": null,
            "v4_cidr_blocks": [
              "192.168.10.0/24"
            ],
            "v6_cidr_blocks": [],
            "zone": "ru-central1-a"
          },
          "sensitive_attributes": [],
          "private": "eyJlMmJmYjczMC1lY2FhLTExZTYtOGY4OC0zNDM2M2JjN2M0YzAiOnsiY3JlYXRlIjoxODAwMDAwMDAwMDAsImRlbGV0ZSI6MTgwMDAwMDAwMDAwLCJ1cGRhdGUiOjE4MDAwMDAwMDAwMH19",
          "dependencies": [
            "yandex_vpc_network.network"
          ]
        }
      ]
    }
  ],
  "check_results": null
}
