{
  "version": 4,
  "terraform_version": "1.12.1",
  "serial": 4,
  "lineage": "85e47955-d0e7-0897-fa70-ef38639e1c0a",
  "outputs": {
    "external_ip": {
      "value": "158.160.105.148",
      "type": "string"
    }
  },
  "resources": [
    {
      "mode": "managed",
      "type": "yandex_compute_instance",
      "name": "vm",
      "provider": "provider[\"registry.terraform.io/yandex-cloud/yandex\"]",
      "instances": [
        {
          "schema_version": 1,
          "attributes": {
            "allow_recreate": null,
            "allow_stopping_for_update": null,
            "boot_disk": [
              {
                "auto_delete": true,
                "device_name": "fhmh66jh19bmv99ejhpu",
                "disk_id": "fhmh66jh19bmv99ejhpu",
                "initialize_params": [
                  {
                    "block_size": 4096,
                    "description": "",
                    "image_id": "fd81hgrcv6lsnkremf32",
                    "kms_key_id": "",
                    "name": "",
                    "size": 20,
                    "snapshot_id": "",
                    "type": "network-hdd"
                  }
                ],
                "mode": "READ_WRITE"
              }
            ],
            "created_at": "2025-05-25T18:01:40Z",
            "description": "",
            "filesystem": [],
            "folder_id": "b1gn6l9s1qgupdc3jtjs",
            "fqdn": "fhmkf7k03q6jcn2j107l.auto.internal",
            "gpu_cluster_id": "",
            "hardware_generation": [
              {
                "generation2_features": [],
                "legacy_features": [
                  {
                    "pci_topology": "PCI_TOPOLOGY_V1"
                  }
                ]
              }
            ],
            "hostname": "",
            "id": "fhmkf7k03q6jcn2j107l",
            "labels": null,
            "local_disk": [],
            "maintenance_grace_period": "",
            "maintenance_policy": null,
            "metadata": {
              "ssh-keys": "ubuntu:ssh-rsa AAAAB3NzaC1yc2EAAAADAQABAAACAQDnRZ63gC58VfPsYfdhWTHCKhaHcMSW5wAmJAYkVTaS2WQe3KaRCfH7clelpPp7OFghNRDQCP2pLHLupGK/29atIDxfQrDGBCbMcw3fjn+WaG5viLL6NDwdWCJFXDROhlHln9GwvZkTSipNmen2/cj6J/MytietxCvSbHnZgtr6mO3ahay7CxcQ2JFdwTIC3TLETJVPcWkLrpUYb5SEuecelNAyAVpdvaN3YuvMsWVIXc8CYY0zYZhBOOAs4Lye3bRUpO9j0uw2VB+efsiGLj3bwG6hQoSs45//AMDhUOapTREge2ZhhDINbOiksJto3DWc6UQfNyMli78MH3aKDmYVI36A1MQ1iFi0Y53WSyGwD9HmQ8o8V+l4b7tlwuKrUmqHElANX0ZtQnfvR9s+APREXWZ9Yk8jWx/NhabV6R6Ng06Ri21dLXeSWfRjo1QCEOJ6t/TO8OOZf5L5JBf6uFTRsA2LvjIPajNCRDif6D/eMwzsEj15We1J37kkb4V10/qnr9u6gbtkUlDMORNYEyvhDIq8hcNmPZ/xGJUWelFnJp3zIqxF3Wryk5KUgr9O9D77xp9oyj0x+J3FLJYjtdRqT7l5w63U3cnZHm5aAIvDQshtPISl7jJR8ak0l2ozt8K6H4uMPEr4qC2f5ekprd1WeEfifEq2HvfMlz4wI8vqww== lebedev_i_s@inbox.ru\r\n"
            },
            "metadata_options": [
              {
                "aws_v1_http_endpoint": 1,
                "aws_v1_http_token": 2,
                "gce_http_endpoint": 1,
                "gce_http_token": 1
              }
            ],
            "name": "my-vm",
            "network_acceleration_type": "standard",
            "network_interface": [
              {
                "dns_record": [],
                "index": 0,
                "ip_address": "192.168.10.34",
                "ipv4": true,
                "ipv6": false,
                "ipv6_address": "",
                "ipv6_dns_record": [],
                "mac_address": "d0:0d:14:79:e8:01",
                "nat": true,
                "nat_dns_record": [],
                "nat_ip_address": "158.160.105.148",
                "nat_ip_version": "IPV4",
                "security_group_ids": [],
                "subnet_id": "e9bkbvpmarh5qm0ctjtv"
              }
            ],
            "placement_policy": [
              {
                "host_affinity_rules": [],
                "placement_group_id": "",
                "placement_group_partition": 0
              }
            ],
            "platform_id": "standard-v1",
            "resources": [
              {
                "core_fraction": 100,
                "cores": 2,
                "gpus": 0,
                "memory": 4
              }
            ],
            "scheduling_policy": [
              {
                "preemptible": false
              }
            ],
            "secondary_disk": [],
            "service_account_id": "",
            "status": "running",
            "timeouts": null,
            "zone": "ru-central1-a"
          },
          "sensitive_attributes": [],
          "identity_schema_version": 0,
          "private": "eyJlMmJmYjczMC1lY2FhLTExZTYtOGY4OC0zNDM2M2JjN2M0YzAiOnsiY3JlYXRlIjozMDAwMDAwMDAwMDAsImRlbGV0ZSI6MzAwMDAwMDAwMDAwLCJ1cGRhdGUiOjMwMDAwMDAwMDAwMH0sInNjaGVtYV92ZXJzaW9uIjoiMSJ9",
          "dependencies": [
            "yandex_vpc_network.network",
            "yandex_vpc_subnet.subnet"
          ]
        }
      ]
    },
    {
      "mode": "managed",
      "type": "yandex_vpc_network",
      "name": "network",
      "provider": "provider[\"registry.terraform.io/yandex-cloud/yandex\"]",
      "instances": [
        {
          "schema_version": 0,
          "attributes": {
            "created_at": "2025-05-25T18:01:38Z",
            "default_security_group_id": "enpin6dsfs1346f8uc2j",
            "description": "",
            "folder_id": "b1gn6l9s1qgupdc3jtjs",
            "id": "enpufd1qdvqek9h42jgt",
            "labels": {},
            "name": "my-network",
            "subnet_ids": [],
            "timeouts": null
          },
          "sensitive_attributes": [],
          "identity_schema_version": 0,
          "private": "eyJlMmJmYjczMC1lY2FhLTExZTYtOGY4OC0zNDM2M2JjN2M0YzAiOnsiY3JlYXRlIjo2MDAwMDAwMDAwMCwiZGVsZXRlIjo2MDAwMDAwMDAwMCwidXBkYXRlIjo2MDAwMDAwMDAwMH19"
        }
      ]
    },
    {
      "mode": "managed",
      "type": "yandex_vpc_subnet",
      "name": "subnet",
      "provider": "provider[\"registry.terraform.io/yandex-cloud/yandex\"]",
      "instances": [
        {
          "schema_version": 0,
          "attributes": {
            "created_at": "2025-05-25T18:01:39Z",
            "description": "",
            "dhcp_options": [],
            "folder_id": "b1gn6l9s1qgupdc3jtjs",
            "id": "e9bkbvpmarh5qm0ctjtv",
            "labels": {},
            "name": "my-subnet",
            "network_id": "enpufd1qdvqek9h42jgt",
            "route_table_id": "",
            "timeouts": null,
            "v4_cidr_blocks": [
              "192.168.10.0/24"
            ],
            "v6_cidr_blocks": [],
            "zone": "ru-central1-a"
          },
          "sensitive_attributes": [],
          "identity_schema_version": 0,
          "private": "eyJlMmJmYjczMC1lY2FhLTExZTYtOGY4OC0zNDM2M2JjN2M0YzAiOnsiY3JlYXRlIjoxODAwMDAwMDAwMDAsImRlbGV0ZSI6MTgwMDAwMDAwMDAwLCJ1cGRhdGUiOjE4MDAwMDAwMDAwMH19",
          "dependencies": [
            "yandex_vpc_network.network"
          ]
        }
      ]
    }
  ],
  "check_results": null
}
