{
  "version": 4,
  "terraform_version": "1.5.7",
  "serial": 24,
  "lineage": "85e47955-d0e7-0897-fa70-ef38639e1c0a",
  "outputs": {
    "external_ip": {
      "value": "51.250.2.92",
      "type": "string"
    },
    "registry_id": {
      "value": "crp3gouaclj0obbrfgnr",
      "type": "string"
    },
    "registry_url": {
      "value": "cr.yandex/crp3gouaclj0obbrfgnr",
      "type": "string"
    }
  },
  "resources": [
    {
      "mode": "managed",
      "type": "yandex_compute_instance",
      "name": "vm",
      "provider": "provider[\"registry.terraform.io/yandex-cloud/yandex\"]",
      "instances": [
        {
          "schema_version": 1,
          "attributes": {
            "allow_recreate": null,
            "allow_stopping_for_update": null,
            "boot_disk": [
              {
                "auto_delete": true,
                "device_name": "fhmorneu32n2mmcsom6l",
                "disk_id": "fhmorneu32n2mmcsom6l",
                "initialize_params": [
                  {
                    "block_size": 4096,
                    "description": "",
                    "image_id": "fd80qm01ah03dkqb14lc",
                    "kms_key_id": "",
                    "name": "",
                    "size": 30,
                    "snapshot_id": "",
                    "type": "network-hdd"
                  }
                ],
                "mode": "READ_WRITE"
              }
            ],
            "created_at": "2025-05-29T18:54:41Z",
            "description": "",
            "filesystem": [],
            "folder_id": "b1gn6l9s1qgupdc3jtjs",
            "fqdn": "fhmrvnmu7nf5m9rv40va.auto.internal",
            "gpu_cluster_id": "",
            "hardware_generation": [
              {
                "generation2_features": [],
                "legacy_features": [
                  {
                    "pci_topology": "PCI_TOPOLOGY_V1"
                  }
                ]
              }
            ],
            "hostname": "",
            "id": "fhmrvnmu7nf5m9rv40va",
            "labels": null,
            "local_disk": [],
            "maintenance_grace_period": "",
            "maintenance_policy": null,
            "metadata": {
              "ssh-keys": "ubuntu:ssh-rsa AAAAB3NzaC1yc2EAAAADAQABAAACAQDNjS/EepBNih2NE6/XiI9R0Wla+SdCQpenpNHHw1WMi3xTnq+M7J93JfzdOZ+y40bYWEqn8uXHDXCcsZ64vtqy5rps6a8RZMzIMlLjwA3Gl+GaDwfHMSXDyGexiCUhyUyAUtDlSGg7OkmNmVRwg9Vnkq9QrB/DIZksjc+AmIa9o1zEyghR53L4NU2qUtB7QHx6cMWnwWGygwdD4fkob14XGiDibeQdETyOvpj4jVhTrVRB0dzlNjMR5ctxNGsVsyE/ieoVJQ/1ctpaZruJVXPofzdbIrqSdIu5W7dQEaAmsqj9KSWMcbIxQMbMNIrP1uvGcbFQlV1YLRRSHOCbmvqILZ9Csi65GQLHUaMiM9qoz9Hdnq6sp6ialndZTV7jJQ469mDlhqxTuFx7Yta2QccKx/Jpl/aisGKlsZqgavubsNFrhrxhlSHlXOkoOgi3N6fj/N6T+4y7XkjcWN5VpQYqPo+RQzLUjy23HtrhcTu+YSu93AGylbexUtPD98i1vwXYiVNmW66iqt9LJOXaIS0YF08lSH7mHFaG9HTiicCJ/C4b1H7pytamngJXMZuuwmNaGDXTlmzidHZAYsdjE4aTjyGw7zhrwNnWJkksDV8gaQjOxWcSLOw12B08GtFV1eSidQGsIIspIeKzC4JohS9WtUuK7GwEpCon/ruQaMhHfQ== islebedev@MBP-Ivan.dlink\n\nubuntu:ssh-rsa AAAAB3NzaC1yc2EAAAADAQABAAACAQCkDkDF8eFXOdRYAdtY/9sebZQqpF4ges4j97V/RRi0m8VEMEgD5Tua8xFjE1l4qWVrU2R3TrRz1sjaG3Io1e8LatW2OPrRt0n5iDAzzB5WH5/tSvbSF8Vwmm67jLJHgdQSzIJFH4nb+pXDsunbK8Bw7hur5spCcyaDHvOOKqq1yuF19TIIvLRC7NinXFU2MAddKyU5SMsNHCXYQRbKybLLkT/yWaxgAOBnS/CqkCFfX8xxvFreIDKHM3g1pQ3ii8ChYSC0ab2p76n6iHt5o32qVhfp7JDKE3D+xEsSTpQ2pn7yzp5cy3QDeLP2nNP0JyrftsEaG1On4Ju6hs82RN9+g6pDcStRQDxIBSX+hyBGxWevUsPJ0sq3JBsmOJqX7NqcZghqV579KFPG5ggewL8SlxQJK8HOR40LGeDpAu8C6JGVzVL8tlicvwATa0vcNgfFSWncnWfz9PE1c6CNMvoUrIy5BCLwz/CX0VoM1h3B85U/t70RnDEnMdGXABIMfMQowhhvztndI77Ph2VcGjNNHbm6z4SWumMZuDuuk+kC5DN4jhEPzZgxIfC+sTZ+BmOP6rfy9YBvaHHG2Xhx1i79rF8EUZ4brVwmc6QFCsPoc0pll6kiRTDTiRIlK2ofzSpdyHBTd8HTMU2F2wk25+WFTQHzt8sg83jobWkJ7d1nnQ== islebedev@MBP-Ivan.dlink\n\n",
              "user-data": "#cloud-config\nusers:\n  - name: ubuntu\n    sudo: ALL=(ALL) NOPASSWD:ALL\n    shell: /bin/bash\n    ssh_authorized_keys:\n      - ssh-rsa AAAAB3NzaC1yc2EAAAADAQABAAACAQDNjS/EepBNih2NE6/XiI9R0Wla+SdCQpenpNHHw1WMi3xTnq+M7J93JfzdOZ+y40bYWEqn8uXHDXCcsZ64vtqy5rps6a8RZMzIMlLjwA3Gl+GaDwfHMSXDyGexiCUhyUyAUtDlSGg7OkmNmVRwg9Vnkq9QrB/DIZksjc+AmIa9o1zEyghR53L4NU2qUtB7QHx6cMWnwWGygwdD4fkob14XGiDibeQdETyOvpj4jVhTrVRB0dzlNjMR5ctxNGsVsyE/ieoVJQ/1ctpaZruJVXPofzdbIrqSdIu5W7dQEaAmsqj9KSWMcbIxQMbMNIrP1uvGcbFQlV1YLRRSHOCbmvqILZ9Csi65GQLHUaMiM9qoz9Hdnq6sp6ialndZTV7jJQ469mDlhqxTuFx7Yta2QccKx/Jpl/aisGKlsZqgavubsNFrhrxhlSHlXOkoOgi3N6fj/N6T+4y7XkjcWN5VpQYqPo+RQzLUjy23HtrhcTu+YSu93AGylbexUtPD98i1vwXYiVNmW66iqt9LJOXaIS0YF08lSH7mHFaG9HTiicCJ/C4b1H7pytamngJXMZuuwmNaGDXTlmzidHZAYsdjE4aTjyGw7zhrwNnWJkksDV8gaQjOxWcSLOw12B08GtFV1eSidQGsIIspIeKzC4JohS9WtUuK7GwEpCon/ruQaMhHfQ== islebedev@MBP-Ivan.dlink\n\n      - ssh-rsa AAAAB3NzaC1yc2EAAAADAQABAAACAQCkDkDF8eFXOdRYAdtY/9sebZQqpF4ges4j97V/RRi0m8VEMEgD5Tua8xFjE1l4qWVrU2R3TrRz1sjaG3Io1e8LatW2OPrRt0n5iDAzzB5WH5/tSvbSF8Vwmm67jLJHgdQSzIJFH4nb+pXDsunbK8Bw7hur5spCcyaDHvOOKqq1yuF19TIIvLRC7NinXFU2MAddKyU5SMsNHCXYQRbKybLLkT/yWaxgAOBnS/CqkCFfX8xxvFreIDKHM3g1pQ3ii8ChYSC0ab2p76n6iHt5o32qVhfp7JDKE3D+xEsSTpQ2pn7yzp5cy3QDeLP2nNP0JyrftsEaG1On4Ju6hs82RN9+g6pDcStRQDxIBSX+hyBGxWevUsPJ0sq3JBsmOJqX7NqcZghqV579KFPG5ggewL8SlxQJK8HOR40LGeDpAu8C6JGVzVL8tlicvwATa0vcNgfFSWncnWfz9PE1c6CNMvoUrIy5BCLwz/CX0VoM1h3B85U/t70RnDEnMdGXABIMfMQowhhvztndI77Ph2VcGjNNHbm6z4SWumMZuDuuk+kC5DN4jhEPzZgxIfC+sTZ+BmOP6rfy9YBvaHHG2Xhx1i79rF8EUZ4brVwmc6QFCsPoc0pll6kiRTDTiRIlK2ofzSpdyHBTd8HTMU2F2wk25+WFTQHzt8sg83jobWkJ7d1nnQ== islebedev@MBP-Ivan.dlink\n\nssh_pwauth: false\n\n# Install Docker\npackage_update: true\npackage_upgrade: true\npackages:\n  - apt-transport-https\n  - ca-certificates\n  - curl\n  - software-properties-common\n  - gnupg\n\nruncmd:\n  # Add Docker's official GPG key\n  - curl -fsSL https://download.docker.com/linux/ubuntu/gpg | sudo gpg --dearmor -o /usr/share/keyrings/docker-archive-keyring.gpg\n  # Add Docker repository\n  - echo \"deb [arch=$(dpkg --print-architecture) signed-by=/usr/share/keyrings/docker-archive-keyring.gpg] https://download.docker.com/linux/ubuntu $(lsb_release -cs) stable\" | sudo tee /etc/apt/sources.list.d/docker.list \u003e /dev/null\n  # Install Docker\n  - apt-get update\n  - apt-get install -y docker-ce docker-ce-cli containerd.io\n  # Add ubuntu user to docker group\n  - usermod -aG docker ubuntu\n  # Start and enable Docker service\n  - systemctl start docker\n  - systemctl enable docker\n  # Install Docker Compose\n  - curl -L \"https://github.com/docker/compose/releases/download/v2.24.6/docker-compose-$(uname -s)-$(uname -m)\" -o /usr/local/bin/docker-compose\n  - chmod +x /usr/local/bin/docker-compose\n"
            },
            "metadata_options": [
              {
                "aws_v1_http_endpoint": 1,
                "aws_v1_http_token": 2,
                "gce_http_endpoint": 1,
                "gce_http_token": 1
              }
            ],
            "name": "task-manager-vm",
            "network_acceleration_type": "standard",
            "network_interface": [
              {
                "dns_record": [],
                "index": 0,
                "ip_address": "192.168.10.24",
                "ipv4": true,
                "ipv6": false,
                "ipv6_address": "",
                "ipv6_dns_record": [],
                "mac_address": "d0:0d:1b:fd:ed:e3",
                "nat": true,
                "nat_dns_record": [],
                "nat_ip_address": "51.250.2.92",
                "nat_ip_version": "IPV4",
                "security_group_ids": [],
                "subnet_id": "e9baubbqle1lfkocp26o"
              }
            ],
            "placement_policy": [
              {
                "host_affinity_rules": [],
                "placement_group_id": "",
                "placement_group_partition": 0
              }
            ],
            "platform_id": "standard-v1",
            "resources": [
              {
                "core_fraction": 100,
                "cores": 2,
                "gpus": 0,
                "memory": 4
              }
            ],
            "scheduling_policy": [
              {
                "preemptible": false
              }
            ],
            "secondary_disk": [],
            "service_account_id": "",
            "status": "running",
            "timeouts": null,
            "zone": "ru-central1-a"
          },
          "sensitive_attributes": [],
          "private": "eyJlMmJmYjczMC1lY2FhLTExZTYtOGY4OC0zNDM2M2JjN2M0YzAiOnsiY3JlYXRlIjozMDAwMDAwMDAwMDAsImRlbGV0ZSI6MzAwMDAwMDAwMDAwLCJ1cGRhdGUiOjMwMDAwMDAwMDAwMH0sInNjaGVtYV92ZXJzaW9uIjoiMSJ9",
          "dependencies": [
            "yandex_vpc_subnet.subnet"
          ]
        }
      ]
    },
    {
      "mode": "managed",
      "type": "yandex_container_registry",
      "name": "registry",
      "provider": "provider[\"registry.terraform.io/yandex-cloud/yandex\"]",
      "instances": [
        {
          "schema_version": 0,
          "attributes": {
            "created_at": "2025-05-29T18:05:16Z",
            "folder_id": "b1gn6l9s1qgupdc3jtjs",
            "id": "crp3gouaclj0obbrfgnr",
            "labels": {},
            "name": "task-manager-registry",
            "status": "active",
            "timeouts": null
          },
          "sensitive_attributes": [],
          "private": "eyJlMmJmYjczMC1lY2FhLTExZTYtOGY4OC0zNDM2M2JjN2M0YzAiOnsiY3JlYXRlIjo5MDAwMDAwMDAwMDAsImRlbGV0ZSI6OTAwMDAwMDAwMDAwLCJ1cGRhdGUiOjkwMDAwMDAwMDAwMH19"
        }
      ]
    },
    {
      "mode": "managed",
      "type": "yandex_vpc_network",
      "name": "network",
      "provider": "provider[\"registry.terraform.io/yandex-cloud/yandex\"]",
      "instances": [
        {
          "schema_version": 0,
          "attributes": {
            "created_at": "2025-05-29T18:53:07Z",
            "default_security_group_id": "enpuahaf7e7t4dsskm1l",
            "description": "",
            "folder_id": "b1gn6l9s1qgupdc3jtjs",
            "id": "enpcd4b1q1euanmtae90",
            "labels": {},
            "name": "task-manager-network",
            "subnet_ids": [
              "e9baubbqle1lfkocp26o"
            ],
            "timeouts": null
          },
          "sensitive_attributes": [],
          "private": "eyJlMmJmYjczMC1lY2FhLTExZTYtOGY4OC0zNDM2M2JjN2M0YzAiOnsiY3JlYXRlIjo2MDAwMDAwMDAwMCwiZGVsZXRlIjo2MDAwMDAwMDAwMCwidXBkYXRlIjo2MDAwMDAwMDAwMH19"
        }
      ]
    },
    {
      "mode": "managed",
      "type": "yandex_vpc_subnet",
      "name": "subnet",
      "provider": "provider[\"registry.terraform.io/yandex-cloud/yandex\"]",
      "instances": [
        {
          "schema_version": 0,
          "attributes": {
            "created_at": "2025-05-29T18:53:53Z",
            "description": "",
            "dhcp_options": [],
            "folder_id": "b1gn6l9s1qgupdc3jtjs",
            "id": "e9baubbqle1lfkocp26o",
            "labels": {},
            "name": "task-manager-subnet",
            "network_id": "enpcd4b1q1euanmtae90",
            "route_table_id": "",
            "timeouts": null,
            "v4_cidr_blocks": [
              "192.168.10.0/24"
            ],
            "v6_cidr_blocks": [],
            "zone": "ru-central1-a"
          },
          "sensitive_attributes": [],
          "private": "eyJlMmJmYjczMC1lY2FhLTExZTYtOGY4OC0zNDM2M2JjN2M0YzAiOnsiY3JlYXRlIjoxODAwMDAwMDAwMDAsImRlbGV0ZSI6MTgwMDAwMDAwMDAwLCJ1cGRhdGUiOjE4MDAwMDAwMDAwMH19",
          "dependencies": [
            "yandex_vpc_network.network"
          ]
        }
      ]
    }
  ],
  "check_results": null
}
